
Microsoft Visual Studio Solution File, Format Version 12.00
# Visual Studio 15
VisualStudioVersion = 15.0.26430.14
MinimumVisualStudioVersion = 10.0.40219.1
Project("{262852C6-CD72-467D-83FE-5EEB1973A190}") = "IonicAppJuegoAdivina", "IonicApp2\IonicAppJuegoAdivina.jsproj", "{C1E83A2B-C45D-40CB-A1D2-2E1423F3DD35}"
EndProject
Project("{262852C6-CD72-467D-83FE-5EEB1973A190}") = "IonicAppSitiosGeoLocalizados", "IonicAppSitiosGeoLocalizados\IonicAppSitiosGeoLocalizados.jsproj", "{4F39E765-71CB-4521-AA34-0416A75645F1}"
EndProject
Project("{262852C6-CD72-467D-83FE-5EEB1973A190}") = "SimpleTestApiRest", "SimpleTestApiRest\SimpleTestApiRest.jsproj", "{00742C3F-786B-4ECF-9B64-E4A6D48A6AE3}"
EndProject
Project("{262852C6-CD72-467D-83FE-5EEB1973A190}") = "IonicAppPrueba1", "IonicAppPrueba1\IonicAppPrueba1.jsproj", "{83BDC466-D777-4A12-BFA2-0E41F287E799}"
EndProject
Global
	GlobalSection(SolutionConfigurationPlatforms) = preSolution
		Debug|Android = Debug|Android
		Debug|iOS = Debug|iOS
		Debug|Windows-ARM = Debug|Windows-ARM
		Debug|Windows-x64 = Debug|Windows-x64
		Debug|Windows-x86 = Debug|Windows-x86
		Release|Android = Release|Android
		Release|iOS = Release|iOS
		Release|Windows-ARM = Release|Windows-ARM
		Release|Windows-x64 = Release|Windows-x64
		Release|Windows-x86 = Release|Windows-x86
	EndGlobalSection
	GlobalSection(ProjectConfigurationPlatforms) = postSolution
		{C1E83A2B-C45D-40CB-A1D2-2E1423F3DD35}.Debug|Android.ActiveCfg = Debug|Android
		{C1E83A2B-C45D-40CB-A1D2-2E1423F3DD35}.Debug|Android.Build.0 = Debug|Android
		{C1E83A2B-C45D-40CB-A1D2-2E1423F3DD35}.Debug|Android.Deploy.0 = Debug|Android
		{C1E83A2B-C45D-40CB-A1D2-2E1423F3DD35}.Debug|iOS.ActiveCfg = Debug|iOS
		{C1E83A2B-C45D-40CB-A1D2-2E1423F3DD35}.Debug|iOS.Build.0 = Debug|iOS
		{C1E83A2B-C45D-40CB-A1D2-2E1423F3DD35}.Debug|iOS.Deploy.0 = Debug|iOS
		{C1E83A2B-C45D-40CB-A1D2-2E1423F3DD35}.Debug|Windows-ARM.ActiveCfg = Debug|Windows-ARM
		{C1E83A2B-C45D-40CB-A1D2-2E1423F3DD35}.Debug|Windows-ARM.Build.0 = Debug|Windows-ARM
		{C1E83A2B-C45D-40CB-A1D2-2E1423F3DD35}.Debug|Windows-ARM.Deploy.0 = Debug|Windows-ARM
		{C1E83A2B-C45D-40CB-A1D2-2E1423F3DD35}.Debug|Windows-x64.ActiveCfg = Debug|Windows-x64
		{C1E83A2B-C45D-40CB-A1D2-2E1423F3DD35}.Debug|Windows-x64.Build.0 = Debug|Windows-x64
		{C1E83A2B-C45D-40CB-A1D2-2E1423F3DD35}.Debug|Windows-x64.Deploy.0 = Debug|Windows-x64
		{C1E83A2B-C45D-40CB-A1D2-2E1423F3DD35}.Debug|Windows-x86.ActiveCfg = Debug|Windows-x86
		{C1E83A2B-C45D-40CB-A1D2-2E1423F3DD35}.Debug|Windows-x86.Build.0 = Debug|Windows-x86
		{C1E83A2B-C45D-40CB-A1D2-2E1423F3DD35}.Debug|Windows-x86.Deploy.0 = Debug|Windows-x86
		{C1E83A2B-C45D-40CB-A1D2-2E1423F3DD35}.Release|Android.ActiveCfg = Release|Android
		{C1E83A2B-C45D-40CB-A1D2-2E1423F3DD35}.Release|Android.Build.0 = Release|Android
		{C1E83A2B-C45D-40CB-A1D2-2E1423F3DD35}.Release|Android.Deploy.0 = Release|Android
		{C1E83A2B-C45D-40CB-A1D2-2E1423F3DD35}.Release|iOS.ActiveCfg = Release|iOS
		{C1E83A2B-C45D-40CB-A1D2-2E1423F3DD35}.Release|iOS.Build.0 = Release|iOS
		{C1E83A2B-C45D-40CB-A1D2-2E1423F3DD35}.Release|iOS.Deploy.0 = Release|iOS
		{C1E83A2B-C45D-40CB-A1D2-2E1423F3DD35}.Release|Windows-ARM.ActiveCfg = Release|Windows-ARM
		{C1E83A2B-C45D-40CB-A1D2-2E1423F3DD35}.Release|Windows-ARM.Build.0 = Release|Windows-ARM
		{C1E83A2B-C45D-40CB-A1D2-2E1423F3DD35}.Release|Windows-ARM.Deploy.0 = Release|Windows-ARM
		{C1E83A2B-C45D-40CB-A1D2-2E1423F3DD35}.Release|Windows-x64.ActiveCfg = Release|Windows-x64
		{C1E83A2B-C45D-40CB-A1D2-2E1423F3DD35}.Release|Windows-x64.Build.0 = Release|Windows-x64
		{C1E83A2B-C45D-40CB-A1D2-2E1423F3DD35}.Release|Windows-x64.Deploy.0 = Release|Windows-x64
		{C1E83A2B-C45D-40CB-A1D2-2E1423F3DD35}.Release|Windows-x86.ActiveCfg = Release|Windows-x86
		{C1E83A2B-C45D-40CB-A1D2-2E1423F3DD35}.Release|Windows-x86.Build.0 = Release|Windows-x86
		{C1E83A2B-C45D-40CB-A1D2-2E1423F3DD35}.Release|Windows-x86.Deploy.0 = Release|Windows-x86
		{4F39E765-71CB-4521-AA34-0416A75645F1}.Debug|Android.ActiveCfg = Debug|Android
		{4F39E765-71CB-4521-AA34-0416A75645F1}.Debug|Android.Build.0 = Debug|Android
		{4F39E765-71CB-4521-AA34-0416A75645F1}.Debug|Android.Deploy.0 = Debug|Android
		{4F39E765-71CB-4521-AA34-0416A75645F1}.Debug|iOS.ActiveCfg = Debug|iOS
		{4F39E765-71CB-4521-AA34-0416A75645F1}.Debug|iOS.Build.0 = Debug|iOS
		{4F39E765-71CB-4521-AA34-0416A75645F1}.Debug|iOS.Deploy.0 = Debug|iOS
		{4F39E765-71CB-4521-AA34-0416A75645F1}.Debug|Windows-ARM.ActiveCfg = Debug|Windows-ARM
		{4F39E765-71CB-4521-AA34-0416A75645F1}.Debug|Windows-ARM.Build.0 = Debug|Windows-ARM
		{4F39E765-71CB-4521-AA34-0416A75645F1}.Debug|Windows-ARM.Deploy.0 = Debug|Windows-ARM
		{4F39E765-71CB-4521-AA34-0416A75645F1}.Debug|Windows-x64.ActiveCfg = Debug|Windows-x64
		{4F39E765-71CB-4521-AA34-0416A75645F1}.Debug|Windows-x64.Build.0 = Debug|Windows-x64
		{4F39E765-71CB-4521-AA34-0416A75645F1}.Debug|Windows-x64.Deploy.0 = Debug|Windows-x64
		{4F39E765-71CB-4521-AA34-0416A75645F1}.Debug|Windows-x86.ActiveCfg = Debug|Windows-x86
		{4F39E765-71CB-4521-AA34-0416A75645F1}.Debug|Windows-x86.Build.0 = Debug|Windows-x86
		{4F39E765-71CB-4521-AA34-0416A75645F1}.Debug|Windows-x86.Deploy.0 = Debug|Windows-x86
		{4F39E765-71CB-4521-AA34-0416A75645F1}.Release|Android.ActiveCfg = Release|Android
		{4F39E765-71CB-4521-AA34-0416A75645F1}.Release|Android.Build.0 = Release|Android
		{4F39E765-71CB-4521-AA34-0416A75645F1}.Release|Android.Deploy.0 = Release|Android
		{4F39E765-71CB-4521-AA34-0416A75645F1}.Release|iOS.ActiveCfg = Release|iOS
		{4F39E765-71CB-4521-AA34-0416A75645F1}.Release|iOS.Build.0 = Release|iOS
		{4F39E765-71CB-4521-AA34-0416A75645F1}.Release|iOS.Deploy.0 = Release|iOS
		{4F39E765-71CB-4521-AA34-0416A75645F1}.Release|Windows-ARM.ActiveCfg = Release|Windows-ARM
		{4F39E765-71CB-4521-AA34-0416A75645F1}.Release|Windows-ARM.Build.0 = Release|Windows-ARM
		{4F39E765-71CB-4521-AA34-0416A75645F1}.Release|Windows-ARM.Deploy.0 = Release|Windows-ARM
		{4F39E765-71CB-4521-AA34-0416A75645F1}.Release|Windows-x64.ActiveCfg = Release|Windows-x64
		{4F39E765-71CB-4521-AA34-0416A75645F1}.Release|Windows-x64.Build.0 = Release|Windows-x64
		{4F39E765-71CB-4521-AA34-0416A75645F1}.Release|Windows-x64.Deploy.0 = Release|Windows-x64
		{4F39E765-71CB-4521-AA34-0416A75645F1}.Release|Windows-x86.ActiveCfg = Release|Windows-x86
		{4F39E765-71CB-4521-AA34-0416A75645F1}.Release|Windows-x86.Build.0 = Release|Windows-x86
		{4F39E765-71CB-4521-AA34-0416A75645F1}.Release|Windows-x86.Deploy.0 = Release|Windows-x86
		{00742C3F-786B-4ECF-9B64-E4A6D48A6AE3}.Debug|Android.ActiveCfg = Debug|Android
		{00742C3F-786B-4ECF-9B64-E4A6D48A6AE3}.Debug|Android.Build.0 = Debug|Android
		{00742C3F-786B-4ECF-9B64-E4A6D48A6AE3}.Debug|Android.Deploy.0 = Debug|Android
		{00742C3F-786B-4ECF-9B64-E4A6D48A6AE3}.Debug|iOS.ActiveCfg = Debug|iOS
		{00742C3F-786B-4ECF-9B64-E4A6D48A6AE3}.Debug|iOS.Build.0 = Debug|iOS
		{00742C3F-786B-4ECF-9B64-E4A6D48A6AE3}.Debug|iOS.Deploy.0 = Debug|iOS
		{00742C3F-786B-4ECF-9B64-E4A6D48A6AE3}.Debug|Windows-ARM.ActiveCfg = Debug|Windows-ARM
		{00742C3F-786B-4ECF-9B64-E4A6D48A6AE3}.Debug|Windows-ARM.Build.0 = Debug|Windows-ARM
		{00742C3F-786B-4ECF-9B64-E4A6D48A6AE3}.Debug|Windows-ARM.Deploy.0 = Debug|Windows-ARM
		{00742C3F-786B-4ECF-9B64-E4A6D48A6AE3}.Debug|Windows-x64.ActiveCfg = Debug|Windows-x64
		{00742C3F-786B-4ECF-9B64-E4A6D48A6AE3}.Debug|Windows-x64.Build.0 = Debug|Windows-x64
		{00742C3F-786B-4ECF-9B64-E4A6D48A6AE3}.Debug|Windows-x64.Deploy.0 = Debug|Windows-x64
		{00742C3F-786B-4ECF-9B64-E4A6D48A6AE3}.Debug|Windows-x86.ActiveCfg = Debug|Windows-x86
		{00742C3F-786B-4ECF-9B64-E4A6D48A6AE3}.Debug|Windows-x86.Build.0 = Debug|Windows-x86
		{00742C3F-786B-4ECF-9B64-E4A6D48A6AE3}.Debug|Windows-x86.Deploy.0 = Debug|Windows-x86
		{00742C3F-786B-4ECF-9B64-E4A6D48A6AE3}.Release|Android.ActiveCfg = Release|Android
		{00742C3F-786B-4ECF-9B64-E4A6D48A6AE3}.Release|Android.Build.0 = Release|Android
		{00742C3F-786B-4ECF-9B64-E4A6D48A6AE3}.Release|Android.Deploy.0 = Release|Android
		{00742C3F-786B-4ECF-9B64-E4A6D48A6AE3}.Release|iOS.ActiveCfg = Release|iOS
		{00742C3F-786B-4ECF-9B64-E4A6D48A6AE3}.Release|iOS.Build.0 = Release|iOS
		{00742C3F-786B-4ECF-9B64-E4A6D48A6AE3}.Release|iOS.Deploy.0 = Release|iOS
		{00742C3F-786B-4ECF-9B64-E4A6D48A6AE3}.Release|Windows-ARM.ActiveCfg = Release|Windows-ARM
		{00742C3F-786B-4ECF-9B64-E4A6D48A6AE3}.Release|Windows-ARM.Build.0 = Release|Windows-ARM
		{00742C3F-786B-4ECF-9B64-E4A6D48A6AE3}.Release|Windows-ARM.Deploy.0 = Release|Windows-ARM
		{00742C3F-786B-4ECF-9B64-E4A6D48A6AE3}.Release|Windows-x64.ActiveCfg = Release|Windows-x64
		{00742C3F-786B-4ECF-9B64-E4A6D48A6AE3}.Release|Windows-x64.Build.0 = Release|Windows-x64
		{00742C3F-786B-4ECF-9B64-E4A6D48A6AE3}.Release|Windows-x64.Deploy.0 = Release|Windows-x64
		{00742C3F-786B-4ECF-9B64-E4A6D48A6AE3}.Release|Windows-x86.ActiveCfg = Release|Windows-x86
		{00742C3F-786B-4ECF-9B64-E4A6D48A6AE3}.Release|Windows-x86.Build.0 = Release|Windows-x86
		{00742C3F-786B-4ECF-9B64-E4A6D48A6AE3}.Release|Windows-x86.Deploy.0 = Release|Windows-x86
		{83BDC466-D777-4A12-BFA2-0E41F287E799}.Debug|Android.ActiveCfg = Debug|Android
		{83BDC466-D777-4A12-BFA2-0E41F287E799}.Debug|Android.Build.0 = Debug|Android
		{83BDC466-D777-4A12-BFA2-0E41F287E799}.Debug|Android.Deploy.0 = Debug|Android
		{83BDC466-D777-4A12-BFA2-0E41F287E799}.Debug|iOS.ActiveCfg = Debug|iOS
		{83BDC466-D777-4A12-BFA2-0E41F287E799}.Debug|iOS.Build.0 = Debug|iOS
		{83BDC466-D777-4A12-BFA2-0E41F287E799}.Debug|iOS.Deploy.0 = Debug|iOS
		{83BDC466-D777-4A12-BFA2-0E41F287E799}.Debug|Windows-ARM.ActiveCfg = Debug|Windows-ARM
		{83BDC466-D777-4A12-BFA2-0E41F287E799}.Debug|Windows-ARM.Build.0 = Debug|Windows-ARM
		{83BDC466-D777-4A12-BFA2-0E41F287E799}.Debug|Windows-ARM.Deploy.0 = Debug|Windows-ARM
		{83BDC466-D777-4A12-BFA2-0E41F287E799}.Debug|Windows-x64.ActiveCfg = Debug|Windows-x64
		{83BDC466-D777-4A12-BFA2-0E41F287E799}.Debug|Windows-x64.Build.0 = Debug|Windows-x64
		{83BDC466-D777-4A12-BFA2-0E41F287E799}.Debug|Windows-x64.Deploy.0 = Debug|Windows-x64
		{83BDC466-D777-4A12-BFA2-0E41F287E799}.Debug|Windows-x86.ActiveCfg = Debug|Windows-x86
		{83BDC466-D777-4A12-BFA2-0E41F287E799}.Debug|Windows-x86.Build.0 = Debug|Windows-x86
		{83BDC466-D777-4A12-BFA2-0E41F287E799}.Debug|Windows-x86.Deploy.0 = Debug|Windows-x86
		{83BDC466-D777-4A12-BFA2-0E41F287E799}.Release|Android.ActiveCfg = Release|Android
		{83BDC466-D777-4A12-BFA2-0E41F287E799}.Release|Android.Build.0 = Release|Android
		{83BDC466-D777-4A12-BFA2-0E41F287E799}.Release|Android.Deploy.0 = Release|Android
		{83BDC466-D777-4A12-BFA2-0E41F287E799}.Release|iOS.ActiveCfg = Release|iOS
		{83BDC466-D777-4A12-BFA2-0E41F287E799}.Release|iOS.Build.0 = Release|iOS
		{83BDC466-D777-4A12-BFA2-0E41F287E799}.Release|iOS.Deploy.0 = Release|iOS
		{83BDC466-D777-4A12-BFA2-0E41F287E799}.Release|Windows-ARM.ActiveCfg = Release|Windows-ARM
		{83BDC466-D777-4A12-BFA2-0E41F287E799}.Release|Windows-ARM.Build.0 = Release|Windows-ARM
		{83BDC466-D777-4A12-BFA2-0E41F287E799}.Release|Windows-ARM.Deploy.0 = Release|Windows-ARM
		{83BDC466-D777-4A12-BFA2-0E41F287E799}.Release|Windows-x64.ActiveCfg = Release|Windows-x64
		{83BDC466-D777-4A12-BFA2-0E41F287E799}.Release|Windows-x64.Build.0 = Release|Windows-x64
		{83BDC466-D777-4A12-BFA2-0E41F287E799}.Release|Windows-x64.Deploy.0 = Release|Windows-x64
		{83BDC466-D777-4A12-BFA2-0E41F287E799}.Release|Windows-x86.ActiveCfg = Release|Windows-x86
		{83BDC466-D777-4A12-BFA2-0E41F287E799}.Release|Windows-x86.Build.0 = Release|Windows-x86
		{83BDC466-D777-4A12-BFA2-0E41F287E799}.Release|Windows-x86.Deploy.0 = Release|Windows-x86
	EndGlobalSection
	GlobalSection(SolutionProperties) = preSolution
		HideSolutionNode = FALSE
	EndGlobalSection
EndGlobal
